
Microsoft Visual Studio Solution File, Format Version 12.00
# Visual Studio 2012
Project("{FAE04EC0-301F-11D3-BF4B-00C04F79EFBC}") = "HelloWorld", "HelloWorld\HelloWorld.csproj", "{037D6793-8517-461C-975A-AEC0E3BACFA0}"
EndProject
Global
	GlobalSection(SolutionConfigurationPlatforms) = preSolution
		Debug|Any CPU = Debug|Any CPU
		Release|Any CPU = Release|Any CPU
	EndGlobalSection
	GlobalSection(ProjectConfigurationPlatforms) = postSolution
		{037D6793-8517-461C-975A-AEC0E3BACFA0}.Debug|Any CPU.ActiveCfg = Debug|Any CPU
		{037D6793-8517-461C-975A-AEC0E3BACFA0}.Debug|Any CPU.Build.0 = Debug|Any CPU
		{037D6793-8517-461C-975A-AEC0E3BACFA0}.Release|Any CPU.ActiveCfg = Release|Any CPU
		{037D6793-8517-461C-975A-AEC0E3BACFA0}.Release|Any CPU.Build.0 = Release|Any CPU
	EndGlobalSection
EndGlobal
